// !$*UTF8*$!
{
	archiveVersion = 1;
	classes = {
	};
	objectVersion = 50;
	objects = {

/* Begin PBXBuildFile section */
		6E36B7F026E1FAF000C79849 /* AppDelegate.swift in Sources */ = {isa = PBXBuildFile; fileRef = 6E36B7EF26E1FAF000C79849 /* AppDelegate.swift */; };
		6E36B7F226E1FAF000C79849 /* SceneDelegate.swift in Sources */ = {isa = PBXBuildFile; fileRef = 6E36B7F126E1FAF000C79849 /* SceneDelegate.swift */; };
		6E36B7F426E1FAF000C79849 /* ViewController.swift in Sources */ = {isa = PBXBuildFile; fileRef = 6E36B7F326E1FAF000C79849 /* ViewController.swift */; };
		6E36B7F726E1FAF000C79849 /* Main.storyboard in Resources */ = {isa = PBXBuildFile; fileRef = 6E36B7F526E1FAF000C79849 /* Main.storyboard */; };
		6E36B7F926E1FAF200C79849 /* Assets.xcassets in Resources */ = {isa = PBXBuildFile; fileRef = 6E36B7F826E1FAF200C79849 /* Assets.xcassets */; };
		6E36B7FC26E1FAF200C79849 /* LaunchScreen.storyboard in Resources */ = {isa = PBXBuildFile; fileRef = 6E36B7FA26E1FAF200C79849 /* LaunchScreen.storyboard */; };
		6E36B80726E1FAF300C79849 /* PreworkTests.swift in Sources */ = {isa = PBXBuildFile; fileRef = 6E36B80626E1FAF300C79849 /* PreworkTests.swift */; };
		6E36B81226E1FAF300C79849 /* PreworkUITests.swift in Sources */ = {isa = PBXBuildFile; fileRef = 6E36B81126E1FAF300C79849 /* PreworkUITests.swift */; };
		6E36B82026E213C900C79849 /* SettingsViewController.swift in Sources */ = {isa = PBXBuildFile; fileRef = 6E36B81F26E213C900C79849 /* SettingsViewController.swift */; };
/* End PBXBuildFile section */

/* Begin PBXContainerItemProxy section */
		6E36B80326E1FAF300C79849 /* PBXContainerItemProxy */ = {
			isa = PBXContainerItemProxy;
			containerPortal = 6E36B7E426E1FAF000C79849 /* Project object */;
			proxyType = 1;
			remoteGlobalIDString = 6E36B7EB26E1FAF000C79849;
			remoteInfo = Prework;
		};
		6E36B80E26E1FAF300C79849 /* PBXContainerItemProxy */ = {
			isa = PBXContainerItemProxy;
			containerPortal = 6E36B7E426E1FAF000C79849 /* Project object */;
			proxyType = 1;
			remoteGlobalIDString = 6E36B7EB26E1FAF000C79849;
			remoteInfo = Prework;
		};
/* End PBXContainerItemProxy section */

/* Begin PBXFileReference section */
		6E36B7EC26E1FAF000C79849 /* Prework.app */ = {isa = PBXFileReference; explicitFileType = wrapper.application; includeInIndex = 0; path = Prework.app; sourceTree = BUILT_PRODUCTS_DIR; };
		6E36B7EF26E1FAF000C79849 /* AppDelegate.swift */ = {isa = PBXFileReference; lastKnownFileType = sourcecode.swift; path = AppDelegate.swift; sourceTree = "<group>"; };
		6E36B7F126E1FAF000C79849 /* SceneDelegate.swift */ = {isa = PBXFileReference; lastKnownFileType = sourcecode.swift; path = SceneDelegate.swift; sourceTree = "<group>"; };
		6E36B7F326E1FAF000C79849 /* ViewController.swift */ = {isa = PBXFileReference; lastKnownFileType = sourcecode.swift; path = ViewController.swift; sourceTree = "<group>"; };
		6E36B7F626E1FAF000C79849 /* Base */ = {isa = PBXFileReference; lastKnownFileType = file.storyboard; name = Base; path = Base.lproj/Main.storyboard; sourceTree = "<group>"; };
		6E36B7F826E1FAF200C79849 /* Assets.xcassets */ = {isa = PBXFileReference; lastKnownFileType = folder.assetcatalog; path = Assets.xcassets; sourceTree = "<group>"; };
		6E36B7FB26E1FAF200C79849 /* Base */ = {isa = PBXFileReference; lastKnownFileType = file.storyboard; name = Base; path = Base.lproj/LaunchScreen.storyboard; sourceTree = "<group>"; };
		6E36B7FD26E1FAF200C79849 /* Info.plist */ = {isa = PBXFileReference; lastKnownFileType = text.plist.xml; path = Info.plist; sourceTree = "<group>"; };
		6E36B80226E1FAF300C79849 /* PreworkTests.xctest */ = {isa = PBXFileReference; explicitFileType = wrapper.cfbundle; includeInIndex = 0; path = PreworkTests.xctest; sourceTree = BUILT_PRODUCTS_DIR; };
		6E36B80626E1FAF300C79849 /* PreworkTests.swift */ = {isa = PBXFileReference; lastKnownFileType = sourcecode.swift; path = PreworkTests.swift; sourceTree = "<group>"; };
		6E36B80826E1FAF300C79849 /* Info.plist */ = {isa = PBXFileReference; lastKnownFileType = text.plist.xml; path = Info.plist; sourceTree = "<group>"; };
		6E36B80D26E1FAF300C79849 /* PreworkUITests.xctest */ = {isa = PBXFileReference; explicitFileType = wrapper.cfbundle; includeInIndex = 0; path = PreworkUITests.xctest; sourceTree = BUILT_PRODUCTS_DIR; };
		6E36B81126E1FAF300C79849 /* PreworkUITests.swift */ = {isa = PBXFileReference; lastKnownFileType = sourcecode.swift; path = PreworkUITests.swift; sourceTree = "<group>"; };
		6E36B81326E1FAF300C79849 /* Info.plist */ = {isa = PBXFileReference; lastKnownFileType = text.plist.xml; path = Info.plist; sourceTree = "<group>"; };
		6E36B81F26E213C900C79849 /* SettingsViewController.swift */ = {isa = PBXFileReference; lastKnownFileType = sourcecode.swift; path = SettingsViewController.swift; sourceTree = "<group>"; };
/* End PBXFileReference section */

/* Begin PBXFrameworksBuildPhase section */
		6E36B7E926E1FAF000C79849 /* Frameworks */ = {
			isa = PBXFrameworksBuildPhase;
			buildActionMask = 2147483647;
			files = (
			);
			runOnlyForDeploymentPostprocessing = 0;
		};
		6E36B7FF26E1FAF300C79849 /* Frameworks */ = {
			isa = PBXFrameworksBuildPhase;
			buildActionMask = 2147483647;
			files = (
			);
			runOnlyForDeploymentPostprocessing = 0;
		};
		6E36B80A26E1FAF300C79849 /* Frameworks */ = {
			isa = PBXFrameworksBuildPhase;
			buildActionMask = 2147483647;
			files = (
			);
			runOnlyForDeploymentPostprocessing = 0;
		};
/* End PBXFrameworksBuildPhase section */

/* Begin PBXGroup section */
		6E36B7E326E1FAF000C79849 = {
			isa = PBXGroup;
			children = (
				6E36B7EE26E1FAF000C79849 /* Prework */,
				6E36B80526E1FAF300C79849 /* PreworkTests */,
				6E36B81026E1FAF300C79849 /* PreworkUITests */,
				6E36B7ED26E1FAF000C79849 /* Products */,
			);
			sourceTree = "<group>";
		};
		6E36B7ED26E1FAF000C79849 /* Products */ = {
			isa = PBXGroup;
			children = (
				6E36B7EC26E1FAF000C79849 /* Prework.app */,
				6E36B80226E1FAF300C79849 /* PreworkTests.xctest */,
				6E36B80D26E1FAF300C79849 /* PreworkUITests.xctest */,
			);
			name = Products;
			sourceTree = "<group>";
		};
		6E36B7EE26E1FAF000C79849 /* Prework */ = {
			isa = PBXGroup;
			children = (
				6E36B7EF26E1FAF000C79849 /* AppDelegate.swift */,
				6E36B7F126E1FAF000C79849 /* SceneDelegate.swift */,
				6E36B7F326E1FAF000C79849 /* ViewController.swift */,
				6E36B7F526E1FAF000C79849 /* Main.storyboard */,
				6E36B81F26E213C900C79849 /* SettingsViewController.swift */,
				6E36B7F826E1FAF200C79849 /* Assets.xcassets */,
				6E36B7FA26E1FAF200C79849 /* LaunchScreen.storyboard */,
				6E36B7FD26E1FAF200C79849 /* Info.plist */,
			);
			path = Prework;
			sourceTree = "<group>";
		};
		6E36B80526E1FAF300C79849 /* PreworkTests */ = {
			isa = PBXGroup;
			children = (
				6E36B80626E1FAF300C79849 /* PreworkTests.swift */,
				6E36B80826E1FAF300C79849 /* Info.plist */,
			);
			path = PreworkTests;
			sourceTree = "<group>";
		};
		6E36B81026E1FAF300C79849 /* PreworkUITests */ = {
			isa = PBXGroup;
			children = (
				6E36B81126E1FAF300C79849 /* PreworkUITests.swift */,
				6E36B81326E1FAF300C79849 /* Info.plist */,
			);
			path = PreworkUITests;
			sourceTree = "<group>";
		};
/* End PBXGroup section */

/* Begin PBXNativeTarget section */
		6E36B7EB26E1FAF000C79849 /* Prework */ = {
			isa = PBXNativeTarget;
			buildConfigurationList = 6E36B81626E1FAF300C79849 /* Build configuration list for PBXNativeTarget "Prework" */;
			buildPhases = (
				6E36B7E826E1FAF000C79849 /* Sources */,
				6E36B7E926E1FAF000C79849 /* Frameworks */,
				6E36B7EA26E1FAF000C79849 /* Resources */,
			);
			buildRules = (
			);
			dependencies = (
			);
			name = Prework;
			productName = Prework;
			productReference = 6E36B7EC26E1FAF000C79849 /* Prework.app */;
			productType = "com.apple.product-type.application";
		};
		6E36B80126E1FAF300C79849 /* PreworkTests */ = {
			isa = PBXNativeTarget;
			buildConfigurationList = 6E36B81926E1FAF300C79849 /* Build configuration list for PBXNativeTarget "PreworkTests" */;
			buildPhases = (
				6E36B7FE26E1FAF300C79849 /* Sources */,
				6E36B7FF26E1FAF300C79849 /* Frameworks */,
				6E36B80026E1FAF300C79849 /* Resources */,
			);
			buildRules = (
			);
			dependencies = (
				6E36B80426E1FAF300C79849 /* PBXTargetDependency */,
			);
			name = PreworkTests;
			productName = PreworkTests;
			productReference = 6E36B80226E1FAF300C79849 /* PreworkTests.xctest */;
			productType = "com.apple.product-type.bundle.unit-test";
		};
		6E36B80C26E1FAF300C79849 /* PreworkUITests */ = {
			isa = PBXNativeTarget;
			buildConfigurationList = 6E36B81C26E1FAF300C79849 /* Build configuration list for PBXNativeTarget "PreworkUITests" */;
			buildPhases = (
				6E36B80926E1FAF300C79849 /* Sources */,
				6E36B80A26E1FAF300C79849 /* Frameworks */,
				6E36B80B26E1FAF300C79849 /* Resources */,
			);
			buildRules = (
			);
			dependencies = (
				6E36B80F26E1FAF300C79849 /* PBXTargetDependency */,
			);
			name = PreworkUITests;
			productName = PreworkUITests;
			productReference = 6E36B80D26E1FAF300C79849 /* PreworkUITests.xctest */;
			productType = "com.apple.product-type.bundle.ui-testing";
		};
/* End PBXNativeTarget section */

/* Begin PBXProject section */
		6E36B7E426E1FAF000C79849 /* Project object */ = {
			isa = PBXProject;
			attributes = {
				LastSwiftUpdateCheck = 1250;
				LastUpgradeCheck = 1250;
				TargetAttributes = {
					6E36B7EB26E1FAF000C79849 = {
						CreatedOnToolsVersion = 12.5.1;
					};
					6E36B80126E1FAF300C79849 = {
						CreatedOnToolsVersion = 12.5.1;
						TestTargetID = 6E36B7EB26E1FAF000C79849;
					};
					6E36B80C26E1FAF300C79849 = {
						CreatedOnToolsVersion = 12.5.1;
						TestTargetID = 6E36B7EB26E1FAF000C79849;
					};
				};
			};
			buildConfigurationList = 6E36B7E726E1FAF000C79849 /* Build configuration list for PBXProject "Prework" */;
			compatibilityVersion = "Xcode 9.3";
			developmentRegion = en;
			hasScannedForEncodings = 0;
			knownRegions = (
				en,
				Base,
			);
			mainGroup = 6E36B7E326E1FAF000C79849;
			productRefGroup = 6E36B7ED26E1FAF000C79849 /* Products */;
			projectDirPath = "";
			projectRoot = "";
			targets = (
				6E36B7EB26E1FAF000C79849 /* Prework */,
				6E36B80126E1FAF300C79849 /* PreworkTests */,
				6E36B80C26E1FAF300C79849 /* PreworkUITests */,
			);
		};
/* End PBXProject section */

/* Begin PBXResourcesBuildPhase section */
		6E36B7EA26E1FAF000C79849 /* Resources */ = {
			isa = PBXResourcesBuildPhase;
			buildActionMask = 2147483647;
			files = (
				6E36B7FC26E1FAF200C79849 /* LaunchScreen.storyboard in Resources */,
				6E36B7F926E1FAF200C79849 /* Assets.xcassets in Resources */,
				6E36B7F726E1FAF000C79849 /* Main.storyboard in Resources */,
			);
			runOnlyForDeploymentPostprocessing = 0;
		};
		6E36B80026E1FAF300C79849 /* Resources */ = {
			isa = PBXResourcesBuildPhase;
			buildActionMask = 2147483647;
			files = (
			);
			runOnlyForDeploymentPostprocessing = 0;
		};
		6E36B80B26E1FAF300C79849 /* Resources */ = {
			isa = PBXResourcesBuildPhase;
			buildActionMask = 2147483647;
			files = (
			);
			runOnlyForDeploymentPostprocessing = 0;
		};
/* End PBXResourcesBuildPhase section */

/* Begin PBXSourcesBuildPhase section */
		6E36B7E826E1FAF000C79849 /* Sources */ = {
			isa = PBXSourcesBuildPhase;
			buildActionMask = 2147483647;
			files = (
				6E36B7F426E1FAF000C79849 /* ViewController.swift in Sources */,
				6E36B7F026E1FAF000C79849 /* AppDelegate.swift in Sources */,
				6E36B7F226E1FAF000C79849 /* SceneDelegate.swift in Sources */,
				6E36B82026E213C900C79849 /* SettingsViewController.swift in Sources */,
			);
			runOnlyForDeploymentPostprocessing = 0;
		};
		6E36B7FE26E1FAF300C79849 /* Sources */ = {
			isa = PBXSourcesBuildPhase;
			buildActionMask = 2147483647;
			files = (
				6E36B80726E1FAF300C79849 /* PreworkTests.swift in Sources */,
			);
			runOnlyForDeploymentPostprocessing = 0;
		};
		6E36B80926E1FAF300C79849 /* Sources */ = {
			isa = PBXSourcesBuildPhase;
			buildActionMask = 2147483647;
			files = (
				6E36B81226E1FAF300C79849 /* PreworkUITests.swift in Sources */,
			);
			runOnlyForDeploymentPostprocessing = 0;
		};
/* End PBXSourcesBuildPhase section */

/* Begin PBXTargetDependency section */
		6E36B80426E1FAF300C79849 /* PBXTargetDependency */ = {
			isa = PBXTargetDependency;
			target = 6E36B7EB26E1FAF000C79849 /* Prework */;
			targetProxy = 6E36B80326E1FAF300C79849 /* PBXContainerItemProxy */;
		};
		6E36B80F26E1FAF300C79849 /* PBXTargetDependency */ = {
			isa = PBXTargetDependency;
			target = 6E36B7EB26E1FAF000C79849 /* Prework */;
			targetProxy = 6E36B80E26E1FAF300C79849 /* PBXContainerItemProxy */;
		};
/* End PBXTargetDependency section */

/* Begin PBXVariantGroup section */
		6E36B7F526E1FAF000C79849 /* Main.storyboard */ = {
			isa = PBXVariantGroup;
			children = (
				6E36B7F626E1FAF000C79849 /* Base */,
			);
			name = Main.storyboard;
			sourceTree = "<group>";
		};
		6E36B7FA26E1FAF200C79849 /* LaunchScreen.storyboard */ = {
			isa = PBXVariantGroup;
			children = (
				6E36B7FB26E1FAF200C79849 /* Base */,
			);
			name = LaunchScreen.storyboard;
			sourceTree = "<group>";
		};
/* End PBXVariantGroup section */

/* Begin XCBuildConfiguration section */
		6E36B81426E1FAF300C79849 /* Debug */ = {
			isa = XCBuildConfiguration;
			buildSettings = {
				ALWAYS_SEARCH_USER_PATHS = NO;
				CLANG_ANALYZER_NONNULL = YES;
				CLANG_ANALYZER_NUMBER_OBJECT_CONVERSION = YES_AGGRESSIVE;
				CLANG_CXX_LANGUAGE_STANDARD = "gnu++14";
				CLANG_CXX_LIBRARY = "libc++";
				CLANG_ENABLE_MODULES = YES;
				CLANG_ENABLE_OBJC_ARC = YES;
				CLANG_ENABLE_OBJC_WEAK = YES;
				CLANG_WARN_BLOCK_CAPTURE_AUTORELEASING = YES;
				CLANG_WARN_BOOL_CONVERSION = YES;
				CLANG_WARN_COMMA = YES;
				CLANG_WARN_CONSTANT_CONVERSION = YES;
				CLANG_WARN_DEPRECATED_OBJC_IMPLEMENTATIONS = YES;
				CLANG_WARN_DIRECT_OBJC_ISA_USAGE = YES_ERROR;
				CLANG_WARN_DOCUMENTATION_COMMENTS = YES;
				CLANG_WARN_EMPTY_BODY = YES;
				CLANG_WARN_ENUM_CONVERSION = YES;
				CLANG_WARN_INFINITE_RECURSION = YES;
				CLANG_WARN_INT_CONVERSION = YES;
				CLANG_WARN_NON_LITERAL_NULL_CONVERSION = YES;
				CLANG_WARN_OBJC_IMPLICIT_RETAIN_SELF = YES;
				CLANG_WARN_OBJC_LITERAL_CONVERSION = YES;
				CLANG_WARN_OBJC_ROOT_CLASS = YES_ERROR;
				CLANG_WARN_QUOTED_INCLUDE_IN_FRAMEWORK_HEADER = YES;
				CLANG_WARN_RANGE_LOOP_ANALYSIS = YES;
				CLANG_WARN_STRICT_PROTOTYPES = YES;
				CLANG_WARN_SUSPICIOUS_MOVE = YES;
				CLANG_WARN_UNGUARDED_AVAILABILITY = YES_AGGRESSIVE;
				CLANG_WARN_UNREACHABLE_CODE = YES;
				CLANG_WARN__DUPLICATE_METHOD_MATCH = YES;
				COPY_PHASE_STRIP = NO;
				DEBUG_INFORMATION_FORMAT = dwarf;
				ENABLE_STRICT_OBJC_MSGSEND = YES;
				ENABLE_TESTABILITY = YES;
				GCC_C_LANGUAGE_STANDARD = gnu11;
				GCC_DYNAMIC_NO_PIC = NO;
				GCC_NO_COMMON_BLOCKS = YES;
				GCC_OPTIMIZATION_LEVEL = 0;
				GCC_PREPROCESSOR_DEFINITIONS = (
					"DEBUG=1",
					"$(inherited)",
				);
				GCC_WARN_64_TO_32_BIT_CONVERSION = YES;
				GCC_WARN_ABOUT_RETURN_TYPE = YES_ERROR;
				GCC_WARN_UNDECLARED_SELECTOR = YES;
				GCC_WARN_UNINITIALIZED_AUTOS = YES_AGGRESSIVE;
				GCC_WARN_UNUSED_FUNCTION = YES;
				GCC_WARN_UNUSED_VARIABLE = YES;
				IPHONEOS_DEPLOYMENT_TARGET = 14.5;
				MTL_ENABLE_DEBUG_INFO = INCLUDE_SOURCE;
				MTL_FAST_MATH = YES;
				ONLY_ACTIVE_ARCH = YES;
				SDKROOT = iphoneos;
				SWIFT_ACTIVE_COMPILATION_CONDITIONS = DEBUG;
				SWIFT_OPTIMIZATION_LEVEL = "-Onone";
			};
			name = Debug;
		};
		6E36B81526E1FAF300C79849 /* Release */ = {
			isa = XCBuildConfiguration;
			buildSettings = {
				ALWAYS_SEARCH_USER_PATHS = NO;
				CLANG_ANALYZER_NONNULL = YES;
				CLANG_ANALYZER_NUMBER_OBJECT_CONVERSION = YES_AGGRESSIVE;
				CLANG_CXX_LANGUAGE_STANDARD = "gnu++14";
				CLANG_CXX_LIBRARY = "libc++";
				CLANG_ENABLE_MODULES = YES;
				CLANG_ENABLE_OBJC_ARC = YES;
				CLANG_ENABLE_OBJC_WEAK = YES;
				CLANG_WARN_BLOCK_CAPTURE_AUTORELEASING = YES;
				CLANG_WARN_BOOL_CONVERSION = YES;
				CLANG_WARN_COMMA = YES;
				CLANG_WARN_CONSTANT_CONVERSION = YES;
				CLANG_WARN_DEPRECATED_OBJC_IMPLEMENTATIONS = YES;
				CLANG_WARN_DIRECT_OBJC_ISA_USAGE = YES_ERROR;
				CLANG_WARN_DOCUMENTATION_COMMENTS = YES;
				CLANG_WARN_EMPTY_BODY = YES;
				CLANG_WARN_ENUM_CONVERSION = YES;
				CLANG_WARN_INFINITE_RECURSION = YES;
				CLANG_WARN_INT_CONVERSION = YES;
				CLANG_WARN_NON_LITERAL_NULL_CONVERSION = YES;
				CLANG_WARN_OBJC_IMPLICIT_RETAIN_SELF = YES;
				CLANG_WARN_OBJC_LITERAL_CONVERSION = YES;
				CLANG_WARN_OBJC_ROOT_CLASS = YES_ERROR;
				CLANG_WARN_QUOTED_INCLUDE_IN_FRAMEWORK_HEADER = YES;
				CLANG_WARN_RANGE_LOOP_ANALYSIS = YES;
				CLANG_WARN_STRICT_PROTOTYPES = YES;
				CLANG_WARN_SUSPICIOUS_MOVE = YES;
				CLANG_WARN_UNGUARDED_AVAILABILITY = YES_AGGRESSIVE;
				CLANG_WARN_UNREACHABLE_CODE = YES;
				CLANG_WARN__DUPLICATE_METHOD_MATCH = YES;
				COPY_PHASE_STRIP = NO;
				DEBUG_INFORMATION_FORMAT = "dwarf-with-dsym";
				ENABLE_NS_ASSERTIONS = NO;
				ENABLE_STRICT_OBJC_MSGSEND = YES;
				GCC_C_LANGUAGE_STANDARD = gnu11;
				GCC_NO_COMMON_BLOCKS = YES;
				GCC_WARN_64_TO_32_BIT_CONVERSION = YES;
				GCC_WARN_ABOUT_RETURN_TYPE = YES_ERROR;
				GCC_WARN_UNDECLARED_SELECTOR = YES;
				GCC_WARN_UNINITIALIZED_AUTOS = YES_AGGRESSIVE;
				GCC_WARN_UNUSED_FUNCTION = YES;
				GCC_WARN_UNUSED_VARIABLE = YES;
				IPHONEOS_DEPLOYMENT_TARGET = 14.5;
				MTL_ENABLE_DEBUG_INFO = NO;
				MTL_FAST_MATH = YES;
				SDKROOT = iphoneos;
				SWIFT_COMPILATION_MODE = wholemodule;
				SWIFT_OPTIMIZATION_LEVEL = "-O";
				VALIDATE_PRODUCT = YES;
			};
			name = Release;
		};
		6E36B81726E1FAF300C79849 /* Debug */ = {
			isa = XCBuildConfiguration;
			buildSettings = {
				ASSETCATALOG_COMPILER_APPICON_NAME = AppIcon;
				ASSETCATALOG_COMPILER_GLOBAL_ACCENT_COLOR_NAME = AccentColor;
				CODE_SIGN_STYLE = Automatic;
				INFOPLIST_FILE = Prework/Info.plist;
				LD_RUNPATH_SEARCH_PATHS = (
					"$(inherited)",
					"@executable_path/Frameworks",
				);
				PRODUCT_BUNDLE_IDENTIFIER = com.rojin.Prework;
				PRODUCT_NAME = "$(TARGET_NAME)";
				SWIFT_VERSION = 5.0;
				TARGETED_DEVICE_FAMILY = "1,2";
			};
			name = Debug;
		};
		6E36B81826E1FAF300C79849 /* Release */ = {
			isa = XCBuildConfiguration;
			buildSettings = {
				ASSETCATALOG_COMPILER_APPICON_NAME = AppIcon;
				ASSETCATALOG_COMPILER_GLOBAL_ACCENT_COLOR_NAME = AccentColor;
				CODE_SIGN_STYLE = Automatic;
				INFOPLIST_FILE = Prework/Info.plist;
				LD_RUNPATH_SEARCH_PATHS = (
					"$(inherited)",
					"@executable_path/Frameworks",
				);
				PRODUCT_BUNDLE_IDENTIFIER = com.rojin.Prework;
				PRODUCT_NAME = "$(TARGET_NAME)";
				SWIFT_VERSION = 5.0;
				TARGETED_DEVICE_FAMILY = "1,2";
			};
			name = Release;
		};
		6E36B81A26E1FAF300C79849 /* Debug */ = {
			isa = XCBuildConfiguration;
			buildSettings = {
				ALWAYS_EMBED_SWIFT_STANDARD_LIBRARIES = YES;
				BUNDLE_LOADER = "$(TEST_HOST)";
				CODE_SIGN_STYLE = Automatic;
				INFOPLIST_FILE = PreworkTests/Info.plist;
				IPHONEOS_DEPLOYMENT_TARGET = 14.5;
				LD_RUNPATH_SEARCH_PATHS = (
					"$(inherited)",
					"@executable_path/Frameworks",
					"@loader_path/Frameworks",
				);
				PRODUCT_BUNDLE_IDENTIFIER = com.rojin.PreworkTests;
				PRODUCT_NAME = "$(TARGET_NAME)";
				SWIFT_VERSION = 5.0;
				TARGETED_DEVICE_FAMILY = "1,2";
				TEST_HOST = "$(BUILT_PRODUCTS_DIR)/Prework.app/Prework";
			};
			name = Debug;
		};
		6E36B81B26E1FAF300C79849 /* Release */ = {
			isa = XCBuildConfiguration;
			buildSettings = {
				ALWAYS_EMBED_SWIFT_STANDARD_LIBRARIES = YES;
				BUNDLE_LOADER = "$(TEST_HOST)";
				CODE_SIGN_STYLE = Automatic;
				INFOPLIST_FILE = PreworkTests/Info.plist;
				IPHONEOS_DEPLOYMENT_TARGET = 14.5;
				LD_RUNPATH_SEARCH_PATHS = (
					"$(inherited)",
					"@executable_path/Frameworks",
					"@loader_path/Frameworks",
				);
				PRODUCT_BUNDLE_IDENTIFIER = com.rojin.PreworkTests;
				PRODUCT_NAME = "$(TARGET_NAME)";
				SWIFT_VERSION = 5.0;
				TARGETED_DEVICE_FAMILY = "1,2";
				TEST_HOST = "$(BUILT_PRODUCTS_DIR)/Prework.app/Prework";
			};
			name = Release;
		};
		6E36B81D26E1FAF300C79849 /* Debug */ = {
			isa = XCBuildConfiguration;
			buildSettings = {
				ALWAYS_EMBED_SWIFT_STANDARD_LIBRARIES = YES;
				CODE_SIGN_STYLE = Automatic;
				INFOPLIST_FILE = PreworkUITests/Info.plist;
				LD_RUNPATH_SEARCH_PATHS = (
					"$(inherited)",
					"@executable_path/Frameworks",
					"@loader_path/Frameworks",
				);
				PRODUCT_BUNDLE_IDENTIFIER = com.rojin.PreworkUITests;
				PRODUCT_NAME = "$(TARGET_NAME)";
				SWIFT_VERSION = 5.0;
				TARGETED_DEVICE_FAMILY = "1,2";
				TEST_TARGET_NAME = Prework;
			};
			name = Debug;
		};
		6E36B81E26E1FAF300C79849 /* Release */ = {
			isa = XCBuildConfiguration;
			buildSettings = {
				ALWAYS_EMBED_SWIFT_STANDARD_LIBRARIES = YES;
				CODE_SIGN_STYLE = Automatic;
				INFOPLIST_FILE = PreworkUITests/Info.plist;
				LD_RUNPATH_SEARCH_PATHS = (
					"$(inherited)",
					"@executable_path/Frameworks",
					"@loader_path/Frameworks",
				);
				PRODUCT_BUNDLE_IDENTIFIER = com.rojin.PreworkUITests;
				PRODUCT_NAME = "$(TARGET_NAME)";
				SWIFT_VERSION = 5.0;
				TARGETED_DEVICE_FAMILY = "1,2";
				TEST_TARGET_NAME = Prework;
			};
			name = Release;
		};
/* End XCBuildConfiguration section */

/* Begin XCConfigurationList section */
		6E36B7E726E1FAF000C79849 /* Build configuration list for PBXProject "Prework" */ = {
			isa = XCConfigurationList;
			buildConfigurations = (
				6E36B81426E1FAF300C79849 /* Debug */,
				6E36B81526E1FAF300C79849 /* Release */,
			);
			defaultConfigurationIsVisible = 0;
			defaultConfigurationName = Release;
		};
		6E36B81626E1FAF300C79849 /* Build configuration list for PBXNativeTarget "Prework" */ = {
			isa = XCConfigurationList;
			buildConfigurations = (
				6E36B81726E1FAF300C79849 /* Debug */,
				6E36B81826E1FAF300C79849 /* Release */,
			);
			defaultConfigurationIsVisible = 0;
			defaultConfigurationName = Release;
		};
		6E36B81926E1FAF300C79849 /* Build configuration list for PBXNativeTarget "PreworkTests" */ = {
			isa = XCConfigurationList;
			buildConfigurations = (
				6E36B81A26E1FAF300C79849 /* Debug */,
				6E36B81B26E1FAF300C79849 /* Release */,
			);
			defaultConfigurationIsVisible = 0;
			defaultConfigurationName = Release;
		};
		6E36B81C26E1FAF300C79849 /* Build configuration list for PBXNativeTarget "PreworkUITests" */ = {
			isa = XCConfigurationList;
			buildConfigurations = (
				6E36B81D26E1FAF300C79849 /* Debug */,
				6E36B81E26E1FAF300C79849 /* Release */,
			);
			defaultConfigurationIsVisible = 0;
			defaultConfigurationName = Release;
		};
/* End XCConfigurationList section */
	};
	rootObject = 6E36B7E426E1FAF000C79849 /* Project object */;
}
